// !$*UTF8*$!
{
	archiveVersion = 1;
	classes = {
	};
	objectVersion = 48;
	objects = {

/* Begin PBXBuildFile section */
		0A53EEEC205A23E900A79D16 /* AppDelegate.m in Sources */ = {isa = PBXBuildFile; fileRef = 0A53EEEB205A23E900A79D16 /* AppDelegate.m */; };
		0A53EEEF205A23E900A79D16 /* ViewController.m in Sources */ = {isa = PBXBuildFile; fileRef = 0A53EEEE205A23E900A79D16 /* ViewController.m */; };
		0A53EEF2205A23E900A79D16 /* Main.storyboard in Resources */ = {isa = PBXBuildFile; fileRef = 0A53EEF0205A23E900A79D16 /* Main.storyboard */; };
		0A53EEF4205A23E900A79D16 /* Assets.xcassets in Resources */ = {isa = PBXBuildFile; fileRef = 0A53EEF3205A23E900A79D16 /* Assets.xcassets */; };
		0A53EEF7205A23E900A79D16 /* LaunchScreen.storyboard in Resources */ = {isa = PBXBuildFile; fileRef = 0A53EEF5205A23E900A79D16 /* LaunchScreen.storyboard */; };
		0A53EEFA205A23E900A79D16 /* main.m in Sources */ = {isa = PBXBuildFile; fileRef = 0A53EEF9205A23E900A79D16 /* main.m */; };
		0A53EF04205A23E900A79D16 /* testSocketServerTests.m in Sources */ = {isa = PBXBuildFile; fileRef = 0A53EF03205A23E900A79D16 /* testSocketServerTests.m */; };
		0A53EF0F205A23E900A79D16 /* testSocketServerUITests.m in Sources */ = {isa = PBXBuildFile; fileRef = 0A53EF0E205A23E900A79D16 /* testSocketServerUITests.m */; };
		0A53EF1F205A241500A79D16 /* GCDAsyncSocket.m in Sources */ = {isa = PBXBuildFile; fileRef = 0A53EF1D205A241500A79D16 /* GCDAsyncSocket.m */; };
/* End PBXBuildFile section */

/* Begin PBXContainerItemProxy section */
		0A53EF00205A23E900A79D16 /* PBXContainerItemProxy */ = {
			isa = PBXContainerItemProxy;
			containerPortal = 0A53EEDF205A23E900A79D16 /* Project object */;
			proxyType = 1;
			remoteGlobalIDString = 0A53EEE6205A23E900A79D16;
			remoteInfo = testSocketServer;
		};
		0A53EF0B205A23E900A79D16 /* PBXContainerItemProxy */ = {
			isa = PBXContainerItemProxy;
			containerPortal = 0A53EEDF205A23E900A79D16 /* Project object */;
			proxyType = 1;
			remoteGlobalIDString = 0A53EEE6205A23E900A79D16;
			remoteInfo = testSocketServer;
		};
/* End PBXContainerItemProxy section */

/* Begin PBXFileReference section */
		0A53EEE7205A23E900A79D16 /* testSocketServer.app */ = {isa = PBXFileReference; explicitFileType = wrapper.application; includeInIndex = 0; path = testSocketServer.app; sourceTree = BUILT_PRODUCTS_DIR; };
		0A53EEEA205A23E900A79D16 /* AppDelegate.h */ = {isa = PBXFileReference; lastKnownFileType = sourcecode.c.h; path = AppDelegate.h; sourceTree = "<group>"; };
		0A53EEEB205A23E900A79D16 /* AppDelegate.m */ = {isa = PBXFileReference; lastKnownFileType = sourcecode.c.objc; path = AppDelegate.m; sourceTree = "<group>"; };
		0A53EEED205A23E900A79D16 /* ViewController.h */ = {isa = PBXFileReference; lastKnownFileType = sourcecode.c.h; path = ViewController.h; sourceTree = "<group>"; };
		0A53EEEE205A23E900A79D16 /* ViewController.m */ = {isa = PBXFileReference; lastKnownFileType = sourcecode.c.objc; path = ViewController.m; sourceTree = "<group>"; };
		0A53EEF1205A23E900A79D16 /* Base */ = {isa = PBXFileReference; lastKnownFileType = file.storyboard; name = Base; path = Base.lproj/Main.storyboard; sourceTree = "<group>"; };
		0A53EEF3205A23E900A79D16 /* Assets.xcassets */ = {isa = PBXFileReference; lastKnownFileType = folder.assetcatalog; path = Assets.xcassets; sourceTree = "<group>"; };
		0A53EEF6205A23E900A79D16 /* Base */ = {isa = PBXFileReference; lastKnownFileType = file.storyboard; name = Base; path = Base.lproj/LaunchScreen.storyboard; sourceTree = "<group>"; };
		0A53EEF8205A23E900A79D16 /* Info.plist */ = {isa = PBXFileReference; lastKnownFileType = text.plist.xml; path = Info.plist; sourceTree = "<group>"; };
		0A53EEF9205A23E900A79D16 /* main.m */ = {isa = PBXFileReference; lastKnownFileType = sourcecode.c.objc; path = main.m; sourceTree = "<group>"; };
		0A53EEFF205A23E900A79D16 /* testSocketServerTests.xctest */ = {isa = PBXFileReference; explicitFileType = wrapper.cfbundle; includeInIndex = 0; path = testSocketServerTests.xctest; sourceTree = BUILT_PRODUCTS_DIR; };
		0A53EF03205A23E900A79D16 /* testSocketServerTests.m */ = {isa = PBXFileReference; lastKnownFileType = sourcecode.c.objc; path = testSocketServerTests.m; sourceTree = "<group>"; };
		0A53EF05205A23E900A79D16 /* Info.plist */ = {isa = PBXFileReference; lastKnownFileType = text.plist.xml; path = Info.plist; sourceTree = "<group>"; };
		0A53EF0A205A23E900A79D16 /* testSocketServerUITests.xctest */ = {isa = PBXFileReference; explicitFileType = wrapper.cfbundle; includeInIndex = 0; path = testSocketServerUITests.xctest; sourceTree = BUILT_PRODUCTS_DIR; };
		0A53EF0E205A23E900A79D16 /* testSocketServerUITests.m */ = {isa = PBXFileReference; lastKnownFileType = sourcecode.c.objc; path = testSocketServerUITests.m; sourceTree = "<group>"; };
		0A53EF10205A23E900A79D16 /* Info.plist */ = {isa = PBXFileReference; lastKnownFileType = text.plist.xml; path = Info.plist; sourceTree = "<group>"; };
		0A53EF1D205A241500A79D16 /* GCDAsyncSocket.m */ = {isa = PBXFileReference; fileEncoding = 4; lastKnownFileType = sourcecode.c.objc; path = GCDAsyncSocket.m; sourceTree = "<group>"; };
		0A53EF1E205A241500A79D16 /* GCDAsyncSocket.h */ = {isa = PBXFileReference; fileEncoding = 4; lastKnownFileType = sourcecode.c.h; path = GCDAsyncSocket.h; sourceTree = "<group>"; };
/* End PBXFileReference section */

/* Begin PBXFrameworksBuildPhase section */
		0A53EEE4205A23E900A79D16 /* Frameworks */ = {
			isa = PBXFrameworksBuildPhase;
			buildActionMask = 2147483647;
			files = (
			);
			runOnlyForDeploymentPostprocessing = 0;
		};
		0A53EEFC205A23E900A79D16 /* Frameworks */ = {
			isa = PBXFrameworksBuildPhase;
			buildActionMask = 2147483647;
			files = (
			);
			runOnlyForDeploymentPostprocessing = 0;
		};
		0A53EF07205A23E900A79D16 /* Frameworks */ = {
			isa = PBXFrameworksBuildPhase;
			buildActionMask = 2147483647;
			files = (
			);
			runOnlyForDeploymentPostprocessing = 0;
		};
/* End PBXFrameworksBuildPhase section */

/* Begin PBXGroup section */
		0A53EEDE205A23E900A79D16 = {
			isa = PBXGroup;
			children = (
				0A53EEE9205A23E900A79D16 /* testSocketServer */,
				0A53EF02205A23E900A79D16 /* testSocketServerTests */,
				0A53EF0D205A23E900A79D16 /* testSocketServerUITests */,
				0A53EEE8205A23E900A79D16 /* Products */,
			);
			sourceTree = "<group>";
		};
		0A53EEE8205A23E900A79D16 /* Products */ = {
			isa = PBXGroup;
			children = (
				0A53EEE7205A23E900A79D16 /* testSocketServer.app */,
				0A53EEFF205A23E900A79D16 /* testSocketServerTests.xctest */,
				0A53EF0A205A23E900A79D16 /* testSocketServerUITests.xctest */,
			);
			name = Products;
			sourceTree = "<group>";
		};
		0A53EEE9205A23E900A79D16 /* testSocketServer */ = {
			isa = PBXGroup;
			children = (
				0A53EF1C205A240800A79D16 /* GCDAsyncSocket */,
				0A53EEEA205A23E900A79D16 /* AppDelegate.h */,
				0A53EEEB205A23E900A79D16 /* AppDelegate.m */,
				0A53EEED205A23E900A79D16 /* ViewController.h */,
				0A53EEEE205A23E900A79D16 /* ViewController.m */,
				0A53EEF0205A23E900A79D16 /* Main.storyboard */,
				0A53EEF3205A23E900A79D16 /* Assets.xcassets */,
				0A53EEF5205A23E900A79D16 /* LaunchScreen.storyboard */,
				0A53EEF8205A23E900A79D16 /* Info.plist */,
				0A53EEF9205A23E900A79D16 /* main.m */,
			);
			path = testSocketServer;
			sourceTree = "<group>";
		};
		0A53EF02205A23E900A79D16 /* testSocketServerTests */ = {
			isa = PBXGroup;
			children = (
				0A53EF03205A23E900A79D16 /* testSocketServerTests.m */,
				0A53EF05205A23E900A79D16 /* Info.plist */,
			);
			path = testSocketServerTests;
			sourceTree = "<group>";
		};
		0A53EF0D205A23E900A79D16 /* testSocketServerUITests */ = {
			isa = PBXGroup;
			children = (
				0A53EF0E205A23E900A79D16 /* testSocketServerUITests.m */,
				0A53EF10205A23E900A79D16 /* Info.plist */,
			);
			path = testSocketServerUITests;
			sourceTree = "<group>";
		};
		0A53EF1C205A240800A79D16 /* GCDAsyncSocket */ = {
			isa = PBXGroup;
			children = (
				0A53EF1E205A241500A79D16 /* GCDAsyncSocket.h */,
				0A53EF1D205A241500A79D16 /* GCDAsyncSocket.m */,
			);
			path = GCDAsyncSocket;
			sourceTree = "<group>";
		};
/* End PBXGroup section */

/* Begin PBXNativeTarget section */
		0A53EEE6205A23E900A79D16 /* testSocketServer */ = {
			isa = PBXNativeTarget;
			buildConfigurationList = 0A53EF13205A23E900A79D16 /* Build configuration list for PBXNativeTarget "testSocketServer" */;
			buildPhases = (
				0A53EEE3205A23E900A79D16 /* Sources */,
				0A53EEE4205A23E900A79D16 /* Frameworks */,
				0A53EEE5205A23E900A79D16 /* Resources */,
			);
			buildRules = (
			);
			dependencies = (
			);
			name = testSocketServer;
			productName = testSocketServer;
			productReference = 0A53EEE7205A23E900A79D16 /* testSocketServer.app */;
			productType = "com.apple.product-type.application";
		};
		0A53EEFE205A23E900A79D16 /* testSocketServerTests */ = {
			isa = PBXNativeTarget;
			buildConfigurationList = 0A53EF16205A23E900A79D16 /* Build configuration list for PBXNativeTarget "testSocketServerTests" */;
			buildPhases = (
				0A53EEFB205A23E900A79D16 /* Sources */,
				0A53EEFC205A23E900A79D16 /* Frameworks */,
				0A53EEFD205A23E900A79D16 /* Resources */,
			);
			buildRules = (
			);
			dependencies = (
				0A53EF01205A23E900A79D16 /* PBXTargetDependency */,
			);
			name = testSocketServerTests;
			productName = testSocketServerTests;
			productReference = 0A53EEFF205A23E900A79D16 /* testSocketServerTests.xctest */;
			productType = "com.apple.product-type.bundle.unit-test";
		};
		0A53EF09205A23E900A79D16 /* testSocketServerUITests */ = {
			isa = PBXNativeTarget;
			buildConfigurationList = 0A53EF19205A23E900A79D16 /* Build configuration list for PBXNativeTarget "testSocketServerUITests" */;
			buildPhases = (
				0A53EF06205A23E900A79D16 /* Sources */,
				0A53EF07205A23E900A79D16 /* Frameworks */,
				0A53EF08205A23E900A79D16 /* Resources */,
			);
			buildRules = (
			);
			dependencies = (
				0A53EF0C205A23E900A79D16 /* PBXTargetDependency */,
			);
			name = testSocketServerUITests;
			productName = testSocketServerUITests;
			productReference = 0A53EF0A205A23E900A79D16 /* testSocketServerUITests.xctest */;
			productType = "com.apple.product-type.bundle.ui-testing";
		};
/* End PBXNativeTarget section */

/* Begin PBXProject section */
		0A53EEDF205A23E900A79D16 /* Project object */ = {
			isa = PBXProject;
			attributes = {
				LastUpgradeCheck = 0920;
				ORGANIZATIONNAME = wzl;
				TargetAttributes = {
					0A53EEE6205A23E900A79D16 = {
						CreatedOnToolsVersion = 9.2;
						ProvisioningStyle = Automatic;
					};
					0A53EEFE205A23E900A79D16 = {
						CreatedOnToolsVersion = 9.2;
						ProvisioningStyle = Automatic;
						TestTargetID = 0A53EEE6205A23E900A79D16;
					};
					0A53EF09205A23E900A79D16 = {
						CreatedOnToolsVersion = 9.2;
						ProvisioningStyle = Automatic;
						TestTargetID = 0A53EEE6205A23E900A79D16;
					};
				};
			};
			buildConfigurationList = 0A53EEE2205A23E900A79D16 /* Build configuration list for PBXProject "testSocketServer" */;
			compatibilityVersion = "Xcode 8.0";
			developmentRegion = en;
			hasScannedForEncodings = 0;
			knownRegions = (
				en,
				Base,
			);
			mainGroup = 0A53EEDE205A23E900A79D16;
			productRefGroup = 0A53EEE8205A23E900A79D16 /* Products */;
			projectDirPath = "";
			projectRoot = "";
			targets = (
				0A53EEE6205A23E900A79D16 /* testSocketServer */,
				0A53EEFE205A23E900A79D16 /* testSocketServerTests */,
				0A53EF09205A23E900A79D16 /* testSocketServerUITests */,
			);
		};
/* End PBXProject section */

/* Begin PBXResourcesBuildPhase section */
		0A53EEE5205A23E900A79D16 /* Resources */ = {
			isa = PBXResourcesBuildPhase;
			buildActionMask = 2147483647;
			files = (
				0A53EEF7205A23E900A79D16 /* LaunchScreen.storyboard in Resources */,
				0A53EEF4205A23E900A79D16 /* Assets.xcassets in Resources */,
				0A53EEF2205A23E900A79D16 /* Main.storyboard in Resources */,
			);
			runOnlyForDeploymentPostprocessing = 0;
		};
		0A53EEFD205A23E900A79D16 /* Resources */ = {
			isa = PBXResourcesBuildPhase;
			buildActionMask = 2147483647;
			files = (
			);
			runOnlyForDeploymentPostprocessing = 0;
		};
		0A53EF08205A23E900A79D16 /* Resources */ = {
			isa = PBXResourcesBuildPhase;
			buildActionMask = 2147483647;
			files = (
			);
			runOnlyForDeploymentPostprocessing = 0;
		};
/* End PBXResourcesBuildPhase section */

/* Begin PBXSourcesBuildPhase section */
		0A53EEE3205A23E900A79D16 /* Sources */ = {
			isa = PBXSourcesBuildPhase;
			buildActionMask = 2147483647;
			files = (
				0A53EF1F205A241500A79D16 /* GCDAsyncSocket.m in Sources */,
				0A53EEEF205A23E900A79D16 /* ViewController.m in Sources */,
				0A53EEFA205A23E900A79D16 /* main.m in Sources */,
				0A53EEEC205A23E900A79D16 /* AppDelegate.m in Sources */,
			);
			runOnlyForDeploymentPostprocessing = 0;
		};
		0A53EEFB205A23E900A79D16 /* Sources */ = {
			isa = PBXSourcesBuildPhase;
			buildActionMask = 2147483647;
			files = (
				0A53EF04205A23E900A79D16 /* testSocketServerTests.m in Sources */,
			);
			runOnlyForDeploymentPostprocessing = 0;
		};
		0A53EF06205A23E900A79D16 /* Sources */ = {
			isa = PBXSourcesBuildPhase;
			buildActionMask = 2147483647;
			files = (
				0A53EF0F205A23E900A79D16 /* testSocketServerUITests.m in Sources */,
			);
			runOnlyForDeploymentPostprocessing = 0;
		};
/* End PBXSourcesBuildPhase section */

/* Begin PBXTargetDependency section */
		0A53EF01205A23E900A79D16 /* PBXTargetDependency */ = {
			isa = PBXTargetDependency;
			target = 0A53EEE6205A23E900A79D16 /* testSocketServer */;
			targetProxy = 0A53EF00205A23E900A79D16 /* PBXContainerItemProxy */;
		};
		0A53EF0C205A23E900A79D16 /* PBXTargetDependency */ = {
			isa = PBXTargetDependency;
			target = 0A53EEE6205A23E900A79D16 /* testSocketServer */;
			targetProxy = 0A53EF0B205A23E900A79D16 /* PBXContainerItemProxy */;
		};
/* End PBXTargetDependency section */

/* Begin PBXVariantGroup section */
		0A53EEF0205A23E900A79D16 /* Main.storyboard */ = {
			isa = PBXVariantGroup;
			children = (
				0A53EEF1205A23E900A79D16 /* Base */,
			);
			name = Main.storyboard;
			sourceTree = "<group>";
		};
		0A53EEF5205A23E900A79D16 /* LaunchScreen.storyboard */ = {
			isa = PBXVariantGroup;
			children = (
				0A53EEF6205A23E900A79D16 /* Base */,
			);
			name = LaunchScreen.storyboard;
			sourceTree = "<group>";
		};
/* End PBXVariantGroup section */

/* Begin XCBuildConfiguration section */
		0A53EF11205A23E900A79D16 /* Debug */ = {
			isa = XCBuildConfiguration;
			buildSettings = {
				ALWAYS_SEARCH_USER_PATHS = NO;
				CLANG_ANALYZER_NONNULL = YES;
				CLANG_ANALYZER_NUMBER_OBJECT_CONVERSION = YES_AGGRESSIVE;
				CLANG_CXX_LANGUAGE_STANDARD = "gnu++14";
				CLANG_CXX_LIBRARY = "libc++";
				CLANG_ENABLE_MODULES = YES;
				CLANG_ENABLE_OBJC_ARC = YES;
				CLANG_WARN_BLOCK_CAPTURE_AUTORELEASING = YES;
				CLANG_WARN_BOOL_CONVERSION = YES;
				CLANG_WARN_COMMA = YES;
				CLANG_WARN_CONSTANT_CONVERSION = YES;
				CLANG_WARN_DIRECT_OBJC_ISA_USAGE = YES_ERROR;
				CLANG_WARN_DOCUMENTATION_COMMENTS = YES;
				CLANG_WARN_EMPTY_BODY = YES;
				CLANG_WARN_ENUM_CONVERSION = YES;
				CLANG_WARN_INFINITE_RECURSION = YES;
				CLANG_WARN_INT_CONVERSION = YES;
				CLANG_WARN_NON_LITERAL_NULL_CONVERSION = YES;
				CLANG_WARN_OBJC_LITERAL_CONVERSION = YES;
				CLANG_WARN_OBJC_ROOT_CLASS = YES_ERROR;
				CLANG_WARN_RANGE_LOOP_ANALYSIS = YES;
				CLANG_WARN_STRICT_PROTOTYPES = YES;
				CLANG_WARN_SUSPICIOUS_MOVE = YES;
				CLANG_WARN_UNGUARDED_AVAILABILITY = YES_AGGRESSIVE;
				CLANG_WARN_UNREACHABLE_CODE = YES;
				CLANG_WARN__DUPLICATE_METHOD_MATCH = YES;
				CODE_SIGN_IDENTITY = "iPhone Developer";
				COPY_PHASE_STRIP = NO;
				DEBUG_INFORMATION_FORMAT = dwarf;
				ENABLE_STRICT_OBJC_MSGSEND = YES;
				ENABLE_TESTABILITY = YES;
				GCC_C_LANGUAGE_STANDARD = gnu11;
				GCC_DYNAMIC_NO_PIC = NO;
				GCC_NO_COMMON_BLOCKS = YES;
				GCC_OPTIMIZATION_LEVEL = 0;
				GCC_PREPROCESSOR_DEFINITIONS = (
					"DEBUG=1",
					"$(inherited)",
				);
				GCC_WARN_64_TO_32_BIT_CONVERSION = YES;
				GCC_WARN_ABOUT_RETURN_TYPE = YES_ERROR;
				GCC_WARN_UNDECLARED_SELECTOR = YES;
				GCC_WARN_UNINITIALIZED_AUTOS = YES_AGGRESSIVE;
				GCC_WARN_UNUSED_FUNCTION = YES;
				GCC_WARN_UNUSED_VARIABLE = YES;
				IPHONEOS_DEPLOYMENT_TARGET = 11.2;
				MTL_ENABLE_DEBUG_INFO = YES;
				ONLY_ACTIVE_ARCH = YES;
				SDKROOT = iphoneos;
			};
			name = Debug;
		};
		0A53EF12205A23E900A79D16 /* Release */ = {
			isa = XCBuildConfiguration;
			buildSettings = {
				ALWAYS_SEARCH_USER_PATHS = NO;
				CLANG_ANALYZER_NONNULL = YES;
				CLANG_ANALYZER_NUMBER_OBJECT_CONVERSION = YES_AGGRESSIVE;
				CLANG_CXX_LANGUAGE_STANDARD = "gnu++14";
				CLANG_CXX_LIBRARY = "libc++";
				CLANG_ENABLE_MODULES = YES;
				CLANG_ENABLE_OBJC_ARC = YES;
				CLANG_WARN_BLOCK_CAPTURE_AUTORELEASING = YES;
				CLANG_WARN_BOOL_CONVERSION = YES;
				CLANG_WARN_COMMA = YES;
				CLANG_WARN_CONSTANT_CONVERSION = YES;
				CLANG_WARN_DIRECT_OBJC_ISA_USAGE = YES_ERROR;
				CLANG_WARN_DOCUMENTATION_COMMENTS = YES;
				CLANG_WARN_EMPTY_BODY = YES;
				CLANG_WARN_ENUM_CONVERSION = YES;
				CLANG_WARN_INFINITE_RECURSION = YES;
				CLANG_WARN_INT_CONVERSION = YES;
				CLANG_WARN_NON_LITERAL_NULL_CONVERSION = YES;
				CLANG_WARN_OBJC_LITERAL_CONVERSION = YES;
				CLANG_WARN_OBJC_ROOT_CLASS = YES_ERROR;
				CLANG_WARN_RANGE_LOOP_ANALYSIS = YES;
				CLANG_WARN_STRICT_PROTOTYPES = YES;
				CLANG_WARN_SUSPICIOUS_MOVE = YES;
				CLANG_WARN_UNGUARDED_AVAILABILITY = YES_AGGRESSIVE;
				CLANG_WARN_UNREACHABLE_CODE = YES;
				CLANG_WARN__DUPLICATE_METHOD_MATCH = YES;
				CODE_SIGN_IDENTITY = "iPhone Developer";
				COPY_PHASE_STRIP = NO;
				DEBUG_INFORMATION_FORMAT = "dwarf-with-dsym";
				ENABLE_NS_ASSERTIONS = NO;
				ENABLE_STRICT_OBJC_MSGSEND = YES;
				GCC_C_LANGUAGE_STANDARD = gnu11;
				GCC_NO_COMMON_BLOCKS = YES;
				GCC_WARN_64_TO_32_BIT_CONVERSION = YES;
				GCC_WARN_ABOUT_RETURN_TYPE = YES_ERROR;
				GCC_WARN_UNDECLARED_SELECTOR = YES;
				GCC_WARN_UNINITIALIZED_AUTOS = YES_AGGRESSIVE;
				GCC_WARN_UNUSED_FUNCTION = YES;
				GCC_WARN_UNUSED_VARIABLE = YES;
				IPHONEOS_DEPLOYMENT_TARGET = 11.2;
				MTL_ENABLE_DEBUG_INFO = NO;
				SDKROOT = iphoneos;
				VALIDATE_PRODUCT = YES;
			};
			name = Release;
		};
		0A53EF14205A23E900A79D16 /* Debug */ = {
			isa = XCBuildConfiguration;
			buildSettings = {
				ASSETCATALOG_COMPILER_APPICON_NAME = AppIcon;
				CODE_SIGN_STYLE = Automatic;
				DEVELOPMENT_TEAM = Y49U8RX2F5;
				INFOPLIST_FILE = testSocketServer/Info.plist;
				LD_RUNPATH_SEARCH_PATHS = "$(inherited) @executable_path/Frameworks";
				PRODUCT_BUNDLE_IDENTIFIER = com.jaly.www.test;
				PRODUCT_NAME = "$(TARGET_NAME)";
				TARGETED_DEVICE_FAMILY = "1,2";
			};
			name = Debug;
		};
		0A53EF15205A23E900A79D16 /* Release */ = {
			isa = XCBuildConfiguration;
			buildSettings = {
				ASSETCATALOG_COMPILER_APPICON_NAME = AppIcon;
				CODE_SIGN_STYLE = Automatic;
				DEVELOPMENT_TEAM = Y49U8RX2F5;
				INFOPLIST_FILE = testSocketServer/Info.plist;
				LD_RUNPATH_SEARCH_PATHS = "$(inherited) @executable_path/Frameworks";
				PRODUCT_BUNDLE_IDENTIFIER = com.jaly.www.test;
				PRODUCT_NAME = "$(TARGET_NAME)";
				TARGETED_DEVICE_FAMILY = "1,2";
			};
			name = Release;
		};
		0A53EF17205A23E900A79D16 /* Debug */ = {
			isa = XCBuildConfiguration;
			buildSettings = {
				BUNDLE_LOADER = "$(TEST_HOST)";
				CODE_SIGN_STYLE = Automatic;
				DEVELOPMENT_TEAM = Y49U8RX2F5;
				INFOPLIST_FILE = testSocketServerTests/Info.plist;
				LD_RUNPATH_SEARCH_PATHS = "$(inherited) @executable_path/Frameworks @loader_path/Frameworks";
				PRODUCT_BUNDLE_IDENTIFIER = com.jaly.www.extension.testSocketServerTests;
				PRODUCT_NAME = "$(TARGET_NAME)";
				TARGETED_DEVICE_FAMILY = "1,2";
				TEST_HOST = "$(BUILT_PRODUCTS_DIR)/testSocketServer.app/testSocketServer";
			};
			name = Debug;
		};
		0A53EF18205A23E900A79D16 /* Release */ = {
			isa = XCBuildConfiguration;
			buildSettings = {
				BUNDLE_LOADER = "$(TEST_HOST)";
				CODE_SIGN_STYLE = Automatic;
				DEVELOPMENT_TEAM = Y49U8RX2F5;
				INFOPLIST_FILE = testSocketServerTests/Info.plist;
				LD_RUNPATH_SEARCH_PATHS = "$(inherited) @executable_path/Frameworks @loader_path/Frameworks";
				PRODUCT_BUNDLE_IDENTIFIER = com.jaly.www.extension.testSocketServerTests;
				PRODUCT_NAME = "$(TARGET_NAME)";
				TARGETED_DEVICE_FAMILY = "1,2";
				TEST_HOST = "$(BUILT_PRODUCTS_DIR)/testSocketServer.app/testSocketServer";
			};
			name = Release;
		};
		0A53EF1A205A23E900A79D16 /* Debug */ = {
			isa = XCBuildConfiguration;
			buildSettings = {
				CODE_SIGN_STYLE = Automatic;
				DEVELOPMENT_TEAM = Y49U8RX2F5;
				INFOPLIST_FILE = testSocketServerUITests/Info.plist;
				LD_RUNPATH_SEARCH_PATHS = "$(inherited) @executable_path/Frameworks @loader_path/Frameworks";
				PRODUCT_BUNDLE_IDENTIFIER = com.jaly.www.extension.testSocketServerUITests;
				PRODUCT_NAME = "$(TARGET_NAME)";
				TARGETED_DEVICE_FAMILY = "1,2";
				TEST_TARGET_NAME = testSocketServer;
			};
			name = Debug;
		};
		0A53EF1B205A23E900A79D16 /* Release */ = {
			isa = XCBuildConfiguration;
			buildSettings = {
				CODE_SIGN_STYLE = Automatic;
				DEVELOPMENT_TEAM = Y49U8RX2F5;
				INFOPLIST_FILE = testSocketServerUITests/Info.plist;
				LD_RUNPATH_SEARCH_PATHS = "$(inherited) @executable_path/Frameworks @loader_path/Frameworks";
				PRODUCT_BUNDLE_IDENTIFIER = com.jaly.www.extension.testSocketServerUITests;
				PRODUCT_NAME = "$(TARGET_NAME)";
				TARGETED_DEVICE_FAMILY = "1,2";
				TEST_TARGET_NAME = testSocketServer;
			};
			name = Release;
		};
/* End XCBuildConfiguration section */

/* Begin XCConfigurationList section */
		0A53EEE2205A23E900A79D16 /* Build configuration list for PBXProject "testSocketServer" */ = {
			isa = XCConfigurationList;
			buildConfigurations = (
				0A53EF11205A23E900A79D16 /* Debug */,
				0A53EF12205A23E900A79D16 /* Release */,
			);
			defaultConfigurationIsVisible = 0;
			defaultConfigurationName = Release;
		};
		0A53EF13205A23E900A79D16 /* Build configuration list for PBXNativeTarget "testSocketServer" */ = {
			isa = XCConfigurationList;
			buildConfigurations = (
				0A53EF14205A23E900A79D16 /* Debug */,
				0A53EF15205A23E900A79D16 /* Release */,
			);
			defaultConfigurationIsVisible = 0;
			defaultConfigurationName = Release;
		};
		0A53EF16205A23E900A79D16 /* Build configuration list for PBXNativeTarget "testSocketServerTests" */ = {
			isa = XCConfigurationList;
			buildConfigurations = (
				0A53EF17205A23E900A79D16 /* Debug */,
				0A53EF18205A23E900A79D16 /* Release */,
			);
			defaultConfigurationIsVisible = 0;
			defaultConfigurationName = Release;
		};
		0A53EF19205A23E900A79D16 /* Build configuration list for PBXNativeTarget "testSocketServerUITests" */ = {
			isa = XCConfigurationList;
			buildConfigurations = (
				0A53EF1A205A23E900A79D16 /* Debug */,
				0A53EF1B205A23E900A79D16 /* Release */,
			);
			defaultConfigurationIsVisible = 0;
			defaultConfigurationName = Release;
		};
/* End XCConfigurationList section */
	};
	rootObject = 0A53EEDF205A23E900A79D16 /* Project object */;
}
